
Microsoft Visual Studio Solution File, Format Version 12.00
# Visual Studio 15
VisualStudioVersion = 15.0.26430.16
MinimumVisualStudioVersion = 10.0.40219.1
Project("{FAE04EC0-301F-11D3-BF4B-00C04F79EFBC}") = "DEP", "DEP\DEP.csproj", "{548894B3-57D5-43F9-842F-3D094539F290}"
EndProject
Project("{2150E333-8FDC-42A3-9474-1A3956D46DE8}") = "Solution Items", "Solution Items", "{28D8AD4E-BEAB-467F-8A7A-6BE437F826E5}"
EndProject
Global
	GlobalSection(SolutionConfigurationPlatforms) = preSolution
		Debug|Any CPU = Debug|Any CPU
		Release|Any CPU = Release|Any CPU
	EndGlobalSection
	GlobalSection(ProjectConfigurationPlatforms) = postSolution
		{548894B3-57D5-43F9-842F-3D094539F290}.Debug|Any CPU.ActiveCfg = Debug|Any CPU
		{548894B3-57D5-43F9-842F-3D094539F290}.Debug|Any CPU.Build.0 = Debug|Any CPU
		{548894B3-57D5-43F9-842F-3D094539F290}.Release|Any CPU.ActiveCfg = Release|Any CPU
		{548894B3-57D5-43F9-842F-3D094539F290}.Release|Any CPU.Build.0 = Release|Any CPU
	EndGlobalSection
	GlobalSection(SolutionProperties) = preSolution
		HideSolutionNode = FALSE
	EndGlobalSection
	GlobalSection(ExtensibilityGlobals) = postSolution
		SolutionGuid = {E00F39BC-0508-45C0-B70E-86668EA6D294}
	EndGlobalSection
EndGlobal
